
Microsoft Visual Studio Solution File, Format Version 12.00
# Visual Studio Version 16
VisualStudioVersion = 16.0.30413.136
MinimumVisualStudioVersion = 10.0.40219.1
Project("{9A19103F-16F7-4668-BE54-9A1E7A4F7556}") = "actionETL.DataflowLinkThroughput", "actionETL.DataflowLinkThroughput.csproj", "{E859DBE8-A67C-4A55-B8D8-0F14AC44C7C7}"
EndProject
Global
	GlobalSection(SolutionConfigurationPlatforms) = preSolution
		Debug|Any CPU = Debug|Any CPU
		Release|Any CPU = Release|Any CPU
	EndGlobalSection
	GlobalSection(ProjectConfigurationPlatforms) = postSolution
		{E859DBE8-A67C-4A55-B8D8-0F14AC44C7C7}.Debug|Any CPU.ActiveCfg = Debug|Any CPU
		{E859DBE8-A67C-4A55-B8D8-0F14AC44C7C7}.Debug|Any CPU.Build.0 = Debug|Any CPU
		{E859DBE8-A67C-4A55-B8D8-0F14AC44C7C7}.Release|Any CPU.ActiveCfg = Release|Any CPU
		{E859DBE8-A67C-4A55-B8D8-0F14AC44C7C7}.Release|Any CPU.Build.0 = Release|Any CPU
	EndGlobalSection
	GlobalSection(SolutionProperties) = preSolution
		HideSolutionNode = FALSE
	EndGlobalSection
	GlobalSection(ExtensibilityGlobals) = postSolution
		SolutionGuid = {ECBA80A2-CF3F-4599-B748-4740F0F508D9}
	EndGlobalSection
EndGlobal
